// !$*UTF8*$!
{
	archiveVersion = 1;
	classes = {
	};
	objectVersion = 46;
	objects = {

/* Begin PBXBuildFile section */
		F485E46D1D7D77CF00C31D13 /* main.swift in Sources */ = {isa = PBXBuildFile; fileRef = F485E46C1D7D77CF00C31D13 /* main.swift */; };
		F485E4741D7D781700C31D13 /* GeneralBinaryTreeNote.swift in Sources */ = {isa = PBXBuildFile; fileRef = F485E4731D7D781700C31D13 /* GeneralBinaryTreeNote.swift */; };
		F485E4761D7D791300C31D13 /* GeneralBinaryTree.swift in Sources */ = {isa = PBXBuildFile; fileRef = F485E4751D7D791300C31D13 /* GeneralBinaryTree.swift */; };
/* End PBXBuildFile section */

/* Begin PBXCopyFilesBuildPhase section */
		F485E4671D7D77CF00C31D13 /* CopyFiles */ = {
			isa = PBXCopyFilesBuildPhase;
			buildActionMask = 2147483647;
			dstPath = /usr/share/man/man1/;
			dstSubfolderSpec = 0;
			files = (
			);
			runOnlyForDeploymentPostprocessing = 1;
		};
/* End PBXCopyFilesBuildPhase section */

/* Begin PBXFileReference section */
		F485E4691D7D77CF00C31D13 /* DataStructDemo */ = {isa = PBXFileReference; explicitFileType = "compiled.mach-o.executable"; includeInIndex = 0; path = DataStructDemo; sourceTree = BUILT_PRODUCTS_DIR; };
		F485E46C1D7D77CF00C31D13 /* main.swift */ = {isa = PBXFileReference; lastKnownFileType = sourcecode.swift; path = main.swift; sourceTree = "<group>"; };
		F485E4731D7D781700C31D13 /* GeneralBinaryTreeNote.swift */ = {isa = PBXFileReference; fileEncoding = 4; lastKnownFileType = sourcecode.swift; path = GeneralBinaryTreeNote.swift; sourceTree = "<group>"; };
		F485E4751D7D791300C31D13 /* GeneralBinaryTree.swift */ = {isa = PBXFileReference; fileEncoding = 4; lastKnownFileType = sourcecode.swift; path = GeneralBinaryTree.swift; sourceTree = "<group>"; };
/* End PBXFileReference section */

/* Begin PBXFrameworksBuildPhase section */
		F485E4661D7D77CF00C31D13 /* Frameworks */ = {
			isa = PBXFrameworksBuildPhase;
			buildActionMask = 2147483647;
			files = (
			);
			runOnlyForDeploymentPostprocessing = 0;
		};
/* End PBXFrameworksBuildPhase section */

/* Begin PBXGroup section */
		F44B59A71D7E71D400F1DCE0 /* GeneralBinaryTree */ = {
			isa = PBXGroup;
			children = (
				F485E4731D7D781700C31D13 /* GeneralBinaryTreeNote.swift */,
				F485E4751D7D791300C31D13 /* GeneralBinaryTree.swift */,
			);
			name = GeneralBinaryTree;
			sourceTree = "<group>";
		};
		F485E4601D7D77CF00C31D13 = {
			isa = PBXGroup;
			children = (
				F485E46B1D7D77CF00C31D13 /* DataStructDemo */,
				F485E46A1D7D77CF00C31D13 /* Products */,
			);
			sourceTree = "<group>";
		};
		F485E46A1D7D77CF00C31D13 /* Products */ = {
			isa = PBXGroup;
			children = (
				F485E4691D7D77CF00C31D13 /* DataStructDemo */,
			);
			name = Products;
			sourceTree = "<group>";
		};
		F485E46B1D7D77CF00C31D13 /* DataStructDemo */ = {
			isa = PBXGroup;
			children = (
				F485E46C1D7D77CF00C31D13 /* main.swift */,
				F44B59A71D7E71D400F1DCE0 /* GeneralBinaryTree */,
			);
			path = DataStructDemo;
			sourceTree = "<group>";
		};
/* End PBXGroup section */

/* Begin PBXNativeTarget section */
		F485E4681D7D77CF00C31D13 /* DataStructDemo */ = {
			isa = PBXNativeTarget;
			buildConfigurationList = F485E4701D7D77CF00C31D13 /* Build configuration list for PBXNativeTarget "DataStructDemo" */;
			buildPhases = (
				F485E4651D7D77CF00C31D13 /* Sources */,
				F485E4661D7D77CF00C31D13 /* Frameworks */,
				F485E4671D7D77CF00C31D13 /* CopyFiles */,
			);
			buildRules = (
			);
			dependencies = (
			);
			name = DataStructDemo;
			productName = DataStructDemo;
			productReference = F485E4691D7D77CF00C31D13 /* DataStructDemo */;
			productType = "com.apple.product-type.tool";
		};
/* End PBXNativeTarget section */

/* Begin PBXProject section */
		F485E4611D7D77CF00C31D13 /* Project object */ = {
			isa = PBXProject;
			attributes = {
				LastSwiftUpdateCheck = 0730;
				LastUpgradeCheck = 0730;
				ORGANIZATIONNAME = ZeluLi;
				TargetAttributes = {
					F485E4681D7D77CF00C31D13 = {
						CreatedOnToolsVersion = 7.3.1;
					};
				};
			};
			buildConfigurationList = F485E4641D7D77CF00C31D13 /* Build configuration list for PBXProject "DataStructDemo" */;
			compatibilityVersion = "Xcode 3.2";
			developmentRegion = English;
			hasScannedForEncodings = 0;
			knownRegions = (
				en,
			);
			mainGroup = F485E4601D7D77CF00C31D13;
			productRefGroup = F485E46A1D7D77CF00C31D13 /* Products */;
			projectDirPath = "";
			projectRoot = "";
			targets = (
				F485E4681D7D77CF00C31D13 /* DataStructDemo */,
			);
		};
/* End PBXProject section */

/* Begin PBXSourcesBuildPhase section */
		F485E4651D7D77CF00C31D13 /* Sources */ = {
			isa = PBXSourcesBuildPhase;
			buildActionMask = 2147483647;
			files = (
				F485E4761D7D791300C31D13 /* GeneralBinaryTree.swift in Sources */,
				F485E46D1D7D77CF00C31D13 /* main.swift in Sources */,
				F485E4741D7D781700C31D13 /* GeneralBinaryTreeNote.swift in Sources */,
			);
			runOnlyForDeploymentPostprocessing = 0;
		};
/* End PBXSourcesBuildPhase section */

/* Begin XCBuildConfiguration section */
		F485E46E1D7D77CF00C31D13 /* Debug */ = {
			isa = XCBuildConfiguration;
			buildSettings = {
				ALWAYS_SEARCH_USER_PATHS = NO;
				CLANG_ANALYZER_NONNULL = YES;
				CLANG_CXX_LANGUAGE_STANDARD = "gnu++0x";
				CLANG_CXX_LIBRARY = "libc++";
				CLANG_ENABLE_MODULES = YES;
				CLANG_ENABLE_OBJC_ARC = YES;
				CLANG_WARN_BOOL_CONVERSION = YES;
				CLANG_WARN_CONSTANT_CONVERSION = YES;
				CLANG_WARN_DIRECT_OBJC_ISA_USAGE = YES_ERROR;
				CLANG_WARN_EMPTY_BODY = YES;
				CLANG_WARN_ENUM_CONVERSION = YES;
				CLANG_WARN_INT_CONVERSION = YES;
				CLANG_WARN_OBJC_ROOT_CLASS = YES_ERROR;
				CLANG_WARN_UNREACHABLE_CODE = YES;
				CLANG_WARN__DUPLICATE_METHOD_MATCH = YES;
				CODE_SIGN_IDENTITY = "-";
				COPY_PHASE_STRIP = NO;
				DEBUG_INFORMATION_FORMAT = dwarf;
				ENABLE_STRICT_OBJC_MSGSEND = YES;
				ENABLE_TESTABILITY = YES;
				GCC_C_LANGUAGE_STANDARD = gnu99;
				GCC_DYNAMIC_NO_PIC = NO;
				GCC_NO_COMMON_BLOCKS = YES;
				GCC_OPTIMIZATION_LEVEL = 0;
				GCC_PREPROCESSOR_DEFINITIONS = (
					"DEBUG=1",
					"$(inherited)",
				);
				GCC_WARN_64_TO_32_BIT_CONVERSION = YES;
				GCC_WARN_ABOUT_RETURN_TYPE = YES_ERROR;
				GCC_WARN_UNDECLARED_SELECTOR = YES;
				GCC_WARN_UNINITIALIZED_AUTOS = YES_AGGRESSIVE;
				GCC_WARN_UNUSED_FUNCTION = YES;
				GCC_WARN_UNUSED_VARIABLE = YES;
				MACOSX_DEPLOYMENT_TARGET = 10.11;
				MTL_ENABLE_DEBUG_INFO = YES;
				ONLY_ACTIVE_ARCH = YES;
				SDKROOT = macosx;
				SWIFT_OPTIMIZATION_LEVEL = "-Onone";
			};
			name = Debug;
		};
		F485E46F1D7D77CF00C31D13 /* Release */ = {
			isa = XCBuildConfiguration;
			buildSettings = {
				ALWAYS_SEARCH_USER_PATHS = NO;
				CLANG_ANALYZER_NONNULL = YES;
				CLANG_CXX_LANGUAGE_STANDARD = "gnu++0x";
				CLANG_CXX_LIBRARY = "libc++";
				CLANG_ENABLE_MODULES = YES;
				CLANG_ENABLE_OBJC_ARC = YES;
				CLANG_WARN_BOOL_CONVERSION = YES;
				CLANG_WARN_CONSTANT_CONVERSION = YES;
				CLANG_WARN_DIRECT_OBJC_ISA_USAGE = YES_ERROR;
				CLANG_WARN_EMPTY_BODY = YES;
				CLANG_WARN_ENUM_CONVERSION = YES;
				CLANG_WARN_INT_CONVERSION = YES;
				CLANG_WARN_OBJC_ROOT_CLASS = YES_ERROR;
				CLANG_WARN_UNREACHABLE_CODE = YES;
				CLANG_WARN__DUPLICATE_METHOD_MATCH = YES;
				CODE_SIGN_IDENTITY = "-";
				COPY_PHASE_STRIP = NO;
				DEBUG_INFORMATION_FORMAT = "dwarf-with-dsym";
				ENABLE_NS_ASSERTIONS = NO;
				ENABLE_STRICT_OBJC_MSGSEND = YES;
				GCC_C_LANGUAGE_STANDARD = gnu99;
				GCC_NO_COMMON_BLOCKS = YES;
				GCC_WARN_64_TO_32_BIT_CONVERSION = YES;
				GCC_WARN_ABOUT_RETURN_TYPE = YES_ERROR;
				GCC_WARN_UNDECLARED_SELECTOR = YES;
				GCC_WARN_UNINITIALIZED_AUTOS = YES_AGGRESSIVE;
				GCC_WARN_UNUSED_FUNCTION = YES;
				GCC_WARN_UNUSED_VARIABLE = YES;
				MACOSX_DEPLOYMENT_TARGET = 10.11;
				MTL_ENABLE_DEBUG_INFO = NO;
				SDKROOT = macosx;
			};
			name = Release;
		};
		F485E4711D7D77CF00C31D13 /* Debug */ = {
			isa = XCBuildConfiguration;
			buildSettings = {
				PRODUCT_NAME = "$(TARGET_NAME)";
			};
			name = Debug;
		};
		F485E4721D7D77CF00C31D13 /* Release */ = {
			isa = XCBuildConfiguration;
			buildSettings = {
				PRODUCT_NAME = "$(TARGET_NAME)";
			};
			name = Release;
		};
/* End XCBuildConfiguration section */

/* Begin XCConfigurationList section */
		F485E4641D7D77CF00C31D13 /* Build configuration list for PBXProject "DataStructDemo" */ = {
			isa = XCConfigurationList;
			buildConfigurations = (
				F485E46E1D7D77CF00C31D13 /* Debug */,
				F485E46F1D7D77CF00C31D13 /* Release */,
			);
			defaultConfigurationIsVisible = 0;
			defaultConfigurationName = Release;
		};
		F485E4701D7D77CF00C31D13 /* Build configuration list for PBXNativeTarget "DataStructDemo" */ = {
			isa = XCConfigurationList;
			buildConfigurations = (
				F485E4711D7D77CF00C31D13 /* Debug */,
				F485E4721D7D77CF00C31D13 /* Release */,
			);
			defaultConfigurationIsVisible = 0;
			defaultConfigurationName = Release;
		};
/* End XCConfigurationList section */
	};
	rootObject = F485E4611D7D77CF00C31D13 /* Project object */;
}
