// !$*UTF8*$!
{
	archiveVersion = 1;
	classes = {
	};
	objectVersion = 46;
	objects = {

/* Begin PBXBuildFile section */
		F4585BE91D8CE089008CB6B1 /* main.swift in Sources */ = {isa = PBXBuildFile; fileRef = F4585BE81D8CE089008CB6B1 /* main.swift */; };
		F4585BF21D8CE35F008CB6B1 /* SequenceStack.swift in Sources */ = {isa = PBXBuildFile; fileRef = F4585BF11D8CE35F008CB6B1 /* SequenceStack.swift */; };
		F4585BF41D8CE5FA008CB6B1 /* StackProtocal.swift in Sources */ = {isa = PBXBuildFile; fileRef = F4585BF31D8CE5FA008CB6B1 /* StackProtocal.swift */; };
/* End PBXBuildFile section */

/* Begin PBXCopyFilesBuildPhase section */
		F4585BE31D8CE089008CB6B1 /* CopyFiles */ = {
			isa = PBXCopyFilesBuildPhase;
			buildActionMask = 2147483647;
			dstPath = /usr/share/man/man1/;
			dstSubfolderSpec = 0;
			files = (
			);
			runOnlyForDeploymentPostprocessing = 1;
		};
/* End PBXCopyFilesBuildPhase section */

/* Begin PBXFileReference section */
		F4585BE51D8CE089008CB6B1 /* Stack */ = {isa = PBXFileReference; explicitFileType = "compiled.mach-o.executable"; includeInIndex = 0; path = Stack; sourceTree = BUILT_PRODUCTS_DIR; };
		F4585BE81D8CE089008CB6B1 /* main.swift */ = {isa = PBXFileReference; lastKnownFileType = sourcecode.swift; path = main.swift; sourceTree = "<group>"; };
		F4585BF11D8CE35F008CB6B1 /* SequenceStack.swift */ = {isa = PBXFileReference; fileEncoding = 4; lastKnownFileType = sourcecode.swift; path = SequenceStack.swift; sourceTree = "<group>"; };
		F4585BF31D8CE5FA008CB6B1 /* StackProtocal.swift */ = {isa = PBXFileReference; fileEncoding = 4; lastKnownFileType = sourcecode.swift; path = StackProtocal.swift; sourceTree = "<group>"; };
/* End PBXFileReference section */

/* Begin PBXFrameworksBuildPhase section */
		F4585BE21D8CE089008CB6B1 /* Frameworks */ = {
			isa = PBXFrameworksBuildPhase;
			buildActionMask = 2147483647;
			files = (
			);
			runOnlyForDeploymentPostprocessing = 0;
		};
/* End PBXFrameworksBuildPhase section */

/* Begin PBXGroup section */
		F4585BDC1D8CE089008CB6B1 = {
			isa = PBXGroup;
			children = (
				F4585BE71D8CE089008CB6B1 /* Stack */,
				F4585BE61D8CE089008CB6B1 /* Products */,
			);
			sourceTree = "<group>";
		};
		F4585BE61D8CE089008CB6B1 /* Products */ = {
			isa = PBXGroup;
			children = (
				F4585BE51D8CE089008CB6B1 /* Stack */,
			);
			name = Products;
			sourceTree = "<group>";
		};
		F4585BE71D8CE089008CB6B1 /* Stack */ = {
			isa = PBXGroup;
			children = (
				F4585BF31D8CE5FA008CB6B1 /* StackProtocal.swift */,
				F4585BEF1D8CE0BE008CB6B1 /* LinkStack */,
				F4585BF01D8CE0BE008CB6B1 /* SequenceStack */,
				F4585BE81D8CE089008CB6B1 /* main.swift */,
			);
			path = Stack;
			sourceTree = "<group>";
		};
		F4585BEF1D8CE0BE008CB6B1 /* LinkStack */ = {
			isa = PBXGroup;
			children = (
			);
			path = LinkStack;
			sourceTree = "<group>";
		};
		F4585BF01D8CE0BE008CB6B1 /* SequenceStack */ = {
			isa = PBXGroup;
			children = (
				F4585BF11D8CE35F008CB6B1 /* SequenceStack.swift */,
			);
			path = SequenceStack;
			sourceTree = "<group>";
		};
/* End PBXGroup section */

/* Begin PBXNativeTarget section */
		F4585BE41D8CE089008CB6B1 /* Stack */ = {
			isa = PBXNativeTarget;
			buildConfigurationList = F4585BEC1D8CE089008CB6B1 /* Build configuration list for PBXNativeTarget "Stack" */;
			buildPhases = (
				F4585BE11D8CE089008CB6B1 /* Sources */,
				F4585BE21D8CE089008CB6B1 /* Frameworks */,
				F4585BE31D8CE089008CB6B1 /* CopyFiles */,
			);
			buildRules = (
			);
			dependencies = (
			);
			name = Stack;
			productName = Stack;
			productReference = F4585BE51D8CE089008CB6B1 /* Stack */;
			productType = "com.apple.product-type.tool";
		};
/* End PBXNativeTarget section */

/* Begin PBXProject section */
		F4585BDD1D8CE089008CB6B1 /* Project object */ = {
			isa = PBXProject;
			attributes = {
				LastSwiftUpdateCheck = 0730;
				LastUpgradeCheck = 0730;
				ORGANIZATIONNAME = zeluli;
				TargetAttributes = {
					F4585BE41D8CE089008CB6B1 = {
						CreatedOnToolsVersion = 7.3.1;
					};
				};
			};
			buildConfigurationList = F4585BE01D8CE089008CB6B1 /* Build configuration list for PBXProject "Stack" */;
			compatibilityVersion = "Xcode 3.2";
			developmentRegion = English;
			hasScannedForEncodings = 0;
			knownRegions = (
				en,
			);
			mainGroup = F4585BDC1D8CE089008CB6B1;
			productRefGroup = F4585BE61D8CE089008CB6B1 /* Products */;
			projectDirPath = "";
			projectRoot = "";
			targets = (
				F4585BE41D8CE089008CB6B1 /* Stack */,
			);
		};
/* End PBXProject section */

/* Begin PBXSourcesBuildPhase section */
		F4585BE11D8CE089008CB6B1 /* Sources */ = {
			isa = PBXSourcesBuildPhase;
			buildActionMask = 2147483647;
			files = (
				F4585BE91D8CE089008CB6B1 /* main.swift in Sources */,
				F4585BF41D8CE5FA008CB6B1 /* StackProtocal.swift in Sources */,
				F4585BF21D8CE35F008CB6B1 /* SequenceStack.swift in Sources */,
			);
			runOnlyForDeploymentPostprocessing = 0;
		};
/* End PBXSourcesBuildPhase section */

/* Begin XCBuildConfiguration section */
		F4585BEA1D8CE089008CB6B1 /* Debug */ = {
			isa = XCBuildConfiguration;
			buildSettings = {
				ALWAYS_SEARCH_USER_PATHS = NO;
				CLANG_ANALYZER_NONNULL = YES;
				CLANG_CXX_LANGUAGE_STANDARD = "gnu++0x";
				CLANG_CXX_LIBRARY = "libc++";
				CLANG_ENABLE_MODULES = YES;
				CLANG_ENABLE_OBJC_ARC = YES;
				CLANG_WARN_BOOL_CONVERSION = YES;
				CLANG_WARN_CONSTANT_CONVERSION = YES;
				CLANG_WARN_DIRECT_OBJC_ISA_USAGE = YES_ERROR;
				CLANG_WARN_EMPTY_BODY = YES;
				CLANG_WARN_ENUM_CONVERSION = YES;
				CLANG_WARN_INT_CONVERSION = YES;
				CLANG_WARN_OBJC_ROOT_CLASS = YES_ERROR;
				CLANG_WARN_UNREACHABLE_CODE = YES;
				CLANG_WARN__DUPLICATE_METHOD_MATCH = YES;
				CODE_SIGN_IDENTITY = "-";
				COPY_PHASE_STRIP = NO;
				DEBUG_INFORMATION_FORMAT = dwarf;
				ENABLE_STRICT_OBJC_MSGSEND = YES;
				ENABLE_TESTABILITY = YES;
				GCC_C_LANGUAGE_STANDARD = gnu99;
				GCC_DYNAMIC_NO_PIC = NO;
				GCC_NO_COMMON_BLOCKS = YES;
				GCC_OPTIMIZATION_LEVEL = 0;
				GCC_PREPROCESSOR_DEFINITIONS = (
					"DEBUG=1",
					"$(inherited)",
				);
				GCC_WARN_64_TO_32_BIT_CONVERSION = YES;
				GCC_WARN_ABOUT_RETURN_TYPE = YES_ERROR;
				GCC_WARN_UNDECLARED_SELECTOR = YES;
				GCC_WARN_UNINITIALIZED_AUTOS = YES_AGGRESSIVE;
				GCC_WARN_UNUSED_FUNCTION = YES;
				GCC_WARN_UNUSED_VARIABLE = YES;
				MACOSX_DEPLOYMENT_TARGET = 10.11;
				MTL_ENABLE_DEBUG_INFO = YES;
				ONLY_ACTIVE_ARCH = YES;
				SDKROOT = macosx;
				SWIFT_OPTIMIZATION_LEVEL = "-Onone";
			};
			name = Debug;
		};
		F4585BEB1D8CE089008CB6B1 /* Release */ = {
			isa = XCBuildConfiguration;
			buildSettings = {
				ALWAYS_SEARCH_USER_PATHS = NO;
				CLANG_ANALYZER_NONNULL = YES;
				CLANG_CXX_LANGUAGE_STANDARD = "gnu++0x";
				CLANG_CXX_LIBRARY = "libc++";
				CLANG_ENABLE_MODULES = YES;
				CLANG_ENABLE_OBJC_ARC = YES;
				CLANG_WARN_BOOL_CONVERSION = YES;
				CLANG_WARN_CONSTANT_CONVERSION = YES;
				CLANG_WARN_DIRECT_OBJC_ISA_USAGE = YES_ERROR;
				CLANG_WARN_EMPTY_BODY = YES;
				CLANG_WARN_ENUM_CONVERSION = YES;
				CLANG_WARN_INT_CONVERSION = YES;
				CLANG_WARN_OBJC_ROOT_CLASS = YES_ERROR;
				CLANG_WARN_UNREACHABLE_CODE = YES;
				CLANG_WARN__DUPLICATE_METHOD_MATCH = YES;
				CODE_SIGN_IDENTITY = "-";
				COPY_PHASE_STRIP = NO;
				DEBUG_INFORMATION_FORMAT = "dwarf-with-dsym";
				ENABLE_NS_ASSERTIONS = NO;
				ENABLE_STRICT_OBJC_MSGSEND = YES;
				GCC_C_LANGUAGE_STANDARD = gnu99;
				GCC_NO_COMMON_BLOCKS = YES;
				GCC_WARN_64_TO_32_BIT_CONVERSION = YES;
				GCC_WARN_ABOUT_RETURN_TYPE = YES_ERROR;
				GCC_WARN_UNDECLARED_SELECTOR = YES;
				GCC_WARN_UNINITIALIZED_AUTOS = YES_AGGRESSIVE;
				GCC_WARN_UNUSED_FUNCTION = YES;
				GCC_WARN_UNUSED_VARIABLE = YES;
				MACOSX_DEPLOYMENT_TARGET = 10.11;
				MTL_ENABLE_DEBUG_INFO = NO;
				SDKROOT = macosx;
			};
			name = Release;
		};
		F4585BED1D8CE089008CB6B1 /* Debug */ = {
			isa = XCBuildConfiguration;
			buildSettings = {
				PRODUCT_NAME = "$(TARGET_NAME)";
			};
			name = Debug;
		};
		F4585BEE1D8CE089008CB6B1 /* Release */ = {
			isa = XCBuildConfiguration;
			buildSettings = {
				PRODUCT_NAME = "$(TARGET_NAME)";
			};
			name = Release;
		};
/* End XCBuildConfiguration section */

/* Begin XCConfigurationList section */
		F4585BE01D8CE089008CB6B1 /* Build configuration list for PBXProject "Stack" */ = {
			isa = XCConfigurationList;
			buildConfigurations = (
				F4585BEA1D8CE089008CB6B1 /* Debug */,
				F4585BEB1D8CE089008CB6B1 /* Release */,
			);
			defaultConfigurationIsVisible = 0;
			defaultConfigurationName = Release;
		};
		F4585BEC1D8CE089008CB6B1 /* Build configuration list for PBXNativeTarget "Stack" */ = {
			isa = XCConfigurationList;
			buildConfigurations = (
				F4585BED1D8CE089008CB6B1 /* Debug */,
				F4585BEE1D8CE089008CB6B1 /* Release */,
			);
			defaultConfigurationIsVisible = 0;
		};
/* End XCConfigurationList section */
	};
	rootObject = F4585BDD1D8CE089008CB6B1 /* Project object */;
}
