// !$*UTF8*$!
{
	archiveVersion = 1;
	classes = {
	};
	objectVersion = 46;
	objects = {

/* Begin PBXBuildFile section */
		F47FE25F1DCC21AD005C4DD3 /* main.swift in Sources */ = {isa = PBXBuildFile; fileRef = F47FE25E1DCC21AD005C4DD3 /* main.swift */; };
		F47FE2661DCC2316005C4DD3 /* Sort.swift in Sources */ = {isa = PBXBuildFile; fileRef = F47FE2651DCC2316005C4DD3 /* Sort.swift */; };
		F47FE2681DCC33B5005C4DD3 /* SortClass.swift in Sources */ = {isa = PBXBuildFile; fileRef = F47FE2671DCC33B5005C4DD3 /* SortClass.swift */; };
/* End PBXBuildFile section */

/* Begin PBXCopyFilesBuildPhase section */
		F47FE2591DCC21AD005C4DD3 /* CopyFiles */ = {
			isa = PBXCopyFilesBuildPhase;
			buildActionMask = 2147483647;
			dstPath = /usr/share/man/man1/;
			dstSubfolderSpec = 0;
			files = (
			);
			runOnlyForDeploymentPostprocessing = 1;
		};
/* End PBXCopyFilesBuildPhase section */

/* Begin PBXFileReference section */
		F47FE25B1DCC21AD005C4DD3 /* AllKindsOfSort */ = {isa = PBXFileReference; explicitFileType = "compiled.mach-o.executable"; includeInIndex = 0; path = AllKindsOfSort; sourceTree = BUILT_PRODUCTS_DIR; };
		F47FE25E1DCC21AD005C4DD3 /* main.swift */ = {isa = PBXFileReference; lastKnownFileType = sourcecode.swift; path = main.swift; sourceTree = "<group>"; };
		F47FE2651DCC2316005C4DD3 /* Sort.swift */ = {isa = PBXFileReference; fileEncoding = 4; lastKnownFileType = sourcecode.swift; path = Sort.swift; sourceTree = "<group>"; };
		F47FE2671DCC33B5005C4DD3 /* SortClass.swift */ = {isa = PBXFileReference; fileEncoding = 4; lastKnownFileType = sourcecode.swift; path = SortClass.swift; sourceTree = "<group>"; };
/* End PBXFileReference section */

/* Begin PBXFrameworksBuildPhase section */
		F47FE2581DCC21AD005C4DD3 /* Frameworks */ = {
			isa = PBXFrameworksBuildPhase;
			buildActionMask = 2147483647;
			files = (
			);
			runOnlyForDeploymentPostprocessing = 0;
		};
/* End PBXFrameworksBuildPhase section */

/* Begin PBXGroup section */
		F47FE2521DCC21AD005C4DD3 = {
			isa = PBXGroup;
			children = (
				F47FE25D1DCC21AD005C4DD3 /* AllKindsOfSort */,
				F47FE25C1DCC21AD005C4DD3 /* Products */,
			);
			sourceTree = "<group>";
		};
		F47FE25C1DCC21AD005C4DD3 /* Products */ = {
			isa = PBXGroup;
			children = (
				F47FE25B1DCC21AD005C4DD3 /* AllKindsOfSort */,
			);
			name = Products;
			sourceTree = "<group>";
		};
		F47FE25D1DCC21AD005C4DD3 /* AllKindsOfSort */ = {
			isa = PBXGroup;
			children = (
				F47FE25E1DCC21AD005C4DD3 /* main.swift */,
				F47FE2651DCC2316005C4DD3 /* Sort.swift */,
				F47FE2671DCC33B5005C4DD3 /* SortClass.swift */,
			);
			path = AllKindsOfSort;
			sourceTree = "<group>";
		};
/* End PBXGroup section */

/* Begin PBXNativeTarget section */
		F47FE25A1DCC21AD005C4DD3 /* AllKindsOfSort */ = {
			isa = PBXNativeTarget;
			buildConfigurationList = F47FE2621DCC21AD005C4DD3 /* Build configuration list for PBXNativeTarget "AllKindsOfSort" */;
			buildPhases = (
				F47FE2571DCC21AD005C4DD3 /* Sources */,
				F47FE2581DCC21AD005C4DD3 /* Frameworks */,
				F47FE2591DCC21AD005C4DD3 /* CopyFiles */,
			);
			buildRules = (
			);
			dependencies = (
			);
			name = AllKindsOfSort;
			productName = AllKindsOfSort;
			productReference = F47FE25B1DCC21AD005C4DD3 /* AllKindsOfSort */;
			productType = "com.apple.product-type.tool";
		};
/* End PBXNativeTarget section */

/* Begin PBXProject section */
		F47FE2531DCC21AD005C4DD3 /* Project object */ = {
			isa = PBXProject;
			attributes = {
				LastSwiftUpdateCheck = 0800;
				LastUpgradeCheck = 0800;
				ORGANIZATIONNAME = ZeluLi;
				TargetAttributes = {
					F47FE25A1DCC21AD005C4DD3 = {
						CreatedOnToolsVersion = 8.0;
						ProvisioningStyle = Automatic;
					};
				};
			};
			buildConfigurationList = F47FE2561DCC21AD005C4DD3 /* Build configuration list for PBXProject "AllKindsOfSort" */;
			compatibilityVersion = "Xcode 3.2";
			developmentRegion = English;
			hasScannedForEncodings = 0;
			knownRegions = (
				en,
			);
			mainGroup = F47FE2521DCC21AD005C4DD3;
			productRefGroup = F47FE25C1DCC21AD005C4DD3 /* Products */;
			projectDirPath = "";
			projectRoot = "";
			targets = (
				F47FE25A1DCC21AD005C4DD3 /* AllKindsOfSort */,
			);
		};
/* End PBXProject section */

/* Begin PBXSourcesBuildPhase section */
		F47FE2571DCC21AD005C4DD3 /* Sources */ = {
			isa = PBXSourcesBuildPhase;
			buildActionMask = 2147483647;
			files = (
				F47FE25F1DCC21AD005C4DD3 /* main.swift in Sources */,
				F47FE2661DCC2316005C4DD3 /* Sort.swift in Sources */,
				F47FE2681DCC33B5005C4DD3 /* SortClass.swift in Sources */,
			);
			runOnlyForDeploymentPostprocessing = 0;
		};
/* End PBXSourcesBuildPhase section */

/* Begin XCBuildConfiguration section */
		F47FE2601DCC21AD005C4DD3 /* Debug */ = {
			isa = XCBuildConfiguration;
			buildSettings = {
				ALWAYS_SEARCH_USER_PATHS = NO;
				CLANG_ANALYZER_NONNULL = YES;
				CLANG_CXX_LANGUAGE_STANDARD = "gnu++0x";
				CLANG_CXX_LIBRARY = "libc++";
				CLANG_ENABLE_MODULES = YES;
				CLANG_ENABLE_OBJC_ARC = YES;
				CLANG_WARN_BOOL_CONVERSION = YES;
				CLANG_WARN_CONSTANT_CONVERSION = YES;
				CLANG_WARN_DIRECT_OBJC_ISA_USAGE = YES_ERROR;
				CLANG_WARN_DOCUMENTATION_COMMENTS = YES;
				CLANG_WARN_EMPTY_BODY = YES;
				CLANG_WARN_ENUM_CONVERSION = YES;
				CLANG_WARN_INFINITE_RECURSION = YES;
				CLANG_WARN_INT_CONVERSION = YES;
				CLANG_WARN_OBJC_ROOT_CLASS = YES_ERROR;
				CLANG_WARN_SUSPICIOUS_MOVES = YES;
				CLANG_WARN_UNREACHABLE_CODE = YES;
				CLANG_WARN__DUPLICATE_METHOD_MATCH = YES;
				CODE_SIGN_IDENTITY = "-";
				COPY_PHASE_STRIP = NO;
				DEBUG_INFORMATION_FORMAT = dwarf;
				ENABLE_STRICT_OBJC_MSGSEND = YES;
				ENABLE_TESTABILITY = YES;
				GCC_C_LANGUAGE_STANDARD = gnu99;
				GCC_DYNAMIC_NO_PIC = NO;
				GCC_NO_COMMON_BLOCKS = YES;
				GCC_OPTIMIZATION_LEVEL = 0;
				GCC_PREPROCESSOR_DEFINITIONS = (
					"DEBUG=1",
					"$(inherited)",
				);
				GCC_WARN_64_TO_32_BIT_CONVERSION = YES;
				GCC_WARN_ABOUT_RETURN_TYPE = YES_ERROR;
				GCC_WARN_UNDECLARED_SELECTOR = YES;
				GCC_WARN_UNINITIALIZED_AUTOS = YES_AGGRESSIVE;
				GCC_WARN_UNUSED_FUNCTION = YES;
				GCC_WARN_UNUSED_VARIABLE = YES;
				MACOSX_DEPLOYMENT_TARGET = 10.11;
				MTL_ENABLE_DEBUG_INFO = YES;
				ONLY_ACTIVE_ARCH = YES;
				SDKROOT = macosx;
				SWIFT_OPTIMIZATION_LEVEL = "-Onone";
			};
			name = Debug;
		};
		F47FE2611DCC21AD005C4DD3 /* Release */ = {
			isa = XCBuildConfiguration;
			buildSettings = {
				ALWAYS_SEARCH_USER_PATHS = NO;
				CLANG_ANALYZER_NONNULL = YES;
				CLANG_CXX_LANGUAGE_STANDARD = "gnu++0x";
				CLANG_CXX_LIBRARY = "libc++";
				CLANG_ENABLE_MODULES = YES;
				CLANG_ENABLE_OBJC_ARC = YES;
				CLANG_WARN_BOOL_CONVERSION = YES;
				CLANG_WARN_CONSTANT_CONVERSION = YES;
				CLANG_WARN_DIRECT_OBJC_ISA_USAGE = YES_ERROR;
				CLANG_WARN_DOCUMENTATION_COMMENTS = YES;
				CLANG_WARN_EMPTY_BODY = YES;
				CLANG_WARN_ENUM_CONVERSION = YES;
				CLANG_WARN_INFINITE_RECURSION = YES;
				CLANG_WARN_INT_CONVERSION = YES;
				CLANG_WARN_OBJC_ROOT_CLASS = YES_ERROR;
				CLANG_WARN_SUSPICIOUS_MOVES = YES;
				CLANG_WARN_UNREACHABLE_CODE = YES;
				CLANG_WARN__DUPLICATE_METHOD_MATCH = YES;
				CODE_SIGN_IDENTITY = "-";
				COPY_PHASE_STRIP = NO;
				DEBUG_INFORMATION_FORMAT = "dwarf-with-dsym";
				ENABLE_NS_ASSERTIONS = NO;
				ENABLE_STRICT_OBJC_MSGSEND = YES;
				GCC_C_LANGUAGE_STANDARD = gnu99;
				GCC_NO_COMMON_BLOCKS = YES;
				GCC_WARN_64_TO_32_BIT_CONVERSION = YES;
				GCC_WARN_ABOUT_RETURN_TYPE = YES_ERROR;
				GCC_WARN_UNDECLARED_SELECTOR = YES;
				GCC_WARN_UNINITIALIZED_AUTOS = YES_AGGRESSIVE;
				GCC_WARN_UNUSED_FUNCTION = YES;
				GCC_WARN_UNUSED_VARIABLE = YES;
				MACOSX_DEPLOYMENT_TARGET = 10.11;
				MTL_ENABLE_DEBUG_INFO = NO;
				SDKROOT = macosx;
			};
			name = Release;
		};
		F47FE2631DCC21AD005C4DD3 /* Debug */ = {
			isa = XCBuildConfiguration;
			buildSettings = {
				PRODUCT_NAME = "$(TARGET_NAME)";
				SWIFT_VERSION = 3.0;
			};
			name = Debug;
		};
		F47FE2641DCC21AD005C4DD3 /* Release */ = {
			isa = XCBuildConfiguration;
			buildSettings = {
				PRODUCT_NAME = "$(TARGET_NAME)";
				SWIFT_VERSION = 3.0;
			};
			name = Release;
		};
/* End XCBuildConfiguration section */

/* Begin XCConfigurationList section */
		F47FE2561DCC21AD005C4DD3 /* Build configuration list for PBXProject "AllKindsOfSort" */ = {
			isa = XCConfigurationList;
			buildConfigurations = (
				F47FE2601DCC21AD005C4DD3 /* Debug */,
				F47FE2611DCC21AD005C4DD3 /* Release */,
			);
			defaultConfigurationIsVisible = 0;
			defaultConfigurationName = Release;
		};
		F47FE2621DCC21AD005C4DD3 /* Build configuration list for PBXNativeTarget "AllKindsOfSort" */ = {
			isa = XCConfigurationList;
			buildConfigurations = (
				F47FE2631DCC21AD005C4DD3 /* Debug */,
				F47FE2641DCC21AD005C4DD3 /* Release */,
			);
			defaultConfigurationIsVisible = 0;
		};
/* End XCConfigurationList section */
	};
	rootObject = F47FE2531DCC21AD005C4DD3 /* Project object */;
}
