// !$*UTF8*$!
{
	archiveVersion = 1;
	classes = {
	};
	objectVersion = 46;
	objects = {

/* Begin PBXBuildFile section */
		F4E89D101D850593004A360E /* main.swift in Sources */ = {isa = PBXBuildFile; fileRef = F4E89D0F1D850593004A360E /* main.swift */; };
		F4E89D1A1D85065B004A360E /* SequenceList.swift in Sources */ = {isa = PBXBuildFile; fileRef = F4E89D191D85065B004A360E /* SequenceList.swift */; };
/* End PBXBuildFile section */

/* Begin PBXCopyFilesBuildPhase section */
		F4E89D0A1D850593004A360E /* CopyFiles */ = {
			isa = PBXCopyFilesBuildPhase;
			buildActionMask = 2147483647;
			dstPath = /usr/share/man/man1/;
			dstSubfolderSpec = 0;
			files = (
			);
			runOnlyForDeploymentPostprocessing = 1;
		};
/* End PBXCopyFilesBuildPhase section */

/* Begin PBXFileReference section */
		F4E89D0C1D850593004A360E /* ListDataStruct */ = {isa = PBXFileReference; explicitFileType = "compiled.mach-o.executable"; includeInIndex = 0; path = ListDataStruct; sourceTree = BUILT_PRODUCTS_DIR; };
		F4E89D0F1D850593004A360E /* main.swift */ = {isa = PBXFileReference; lastKnownFileType = sourcecode.swift; path = main.swift; sourceTree = "<group>"; };
		F4E89D191D85065B004A360E /* SequenceList.swift */ = {isa = PBXFileReference; fileEncoding = 4; lastKnownFileType = sourcecode.swift; path = SequenceList.swift; sourceTree = "<group>"; };
/* End PBXFileReference section */

/* Begin PBXFrameworksBuildPhase section */
		F4E89D091D850593004A360E /* Frameworks */ = {
			isa = PBXFrameworksBuildPhase;
			buildActionMask = 2147483647;
			files = (
			);
			runOnlyForDeploymentPostprocessing = 0;
		};
/* End PBXFrameworksBuildPhase section */

/* Begin PBXGroup section */
		F4E89D031D850593004A360E = {
			isa = PBXGroup;
			children = (
				F4E89D0E1D850593004A360E /* ListDataStruct */,
				F4E89D0D1D850593004A360E /* Products */,
			);
			sourceTree = "<group>";
		};
		F4E89D0D1D850593004A360E /* Products */ = {
			isa = PBXGroup;
			children = (
				F4E89D0C1D850593004A360E /* ListDataStruct */,
			);
			name = Products;
			sourceTree = "<group>";
		};
		F4E89D0E1D850593004A360E /* ListDataStruct */ = {
			isa = PBXGroup;
			children = (
				F4E89D161D8505FD004A360E /* LinkList */,
				F4E89D171D8505FD004A360E /* SequenceList */,
				F4E89D0F1D850593004A360E /* main.swift */,
			);
			path = ListDataStruct;
			sourceTree = "<group>";
		};
		F4E89D161D8505FD004A360E /* LinkList */ = {
			isa = PBXGroup;
			children = (
			);
			path = LinkList;
			sourceTree = "<group>";
		};
		F4E89D171D8505FD004A360E /* SequenceList */ = {
			isa = PBXGroup;
			children = (
				F4E89D191D85065B004A360E /* SequenceList.swift */,
			);
			path = SequenceList;
			sourceTree = "<group>";
		};
/* End PBXGroup section */

/* Begin PBXNativeTarget section */
		F4E89D0B1D850593004A360E /* ListDataStruct */ = {
			isa = PBXNativeTarget;
			buildConfigurationList = F4E89D131D850593004A360E /* Build configuration list for PBXNativeTarget "ListDataStruct" */;
			buildPhases = (
				F4E89D081D850593004A360E /* Sources */,
				F4E89D091D850593004A360E /* Frameworks */,
				F4E89D0A1D850593004A360E /* CopyFiles */,
			);
			buildRules = (
			);
			dependencies = (
			);
			name = ListDataStruct;
			productName = ListDataStruct;
			productReference = F4E89D0C1D850593004A360E /* ListDataStruct */;
			productType = "com.apple.product-type.tool";
		};
/* End PBXNativeTarget section */

/* Begin PBXProject section */
		F4E89D041D850593004A360E /* Project object */ = {
			isa = PBXProject;
			attributes = {
				LastSwiftUpdateCheck = 0730;
				LastUpgradeCheck = 0730;
				ORGANIZATIONNAME = zeluli;
				TargetAttributes = {
					F4E89D0B1D850593004A360E = {
						CreatedOnToolsVersion = 7.3.1;
					};
				};
			};
			buildConfigurationList = F4E89D071D850593004A360E /* Build configuration list for PBXProject "ListDataStruct" */;
			compatibilityVersion = "Xcode 3.2";
			developmentRegion = English;
			hasScannedForEncodings = 0;
			knownRegions = (
				en,
			);
			mainGroup = F4E89D031D850593004A360E;
			productRefGroup = F4E89D0D1D850593004A360E /* Products */;
			projectDirPath = "";
			projectRoot = "";
			targets = (
				F4E89D0B1D850593004A360E /* ListDataStruct */,
			);
		};
/* End PBXProject section */

/* Begin PBXSourcesBuildPhase section */
		F4E89D081D850593004A360E /* Sources */ = {
			isa = PBXSourcesBuildPhase;
			buildActionMask = 2147483647;
			files = (
				F4E89D1A1D85065B004A360E /* SequenceList.swift in Sources */,
				F4E89D101D850593004A360E /* main.swift in Sources */,
			);
			runOnlyForDeploymentPostprocessing = 0;
		};
/* End PBXSourcesBuildPhase section */

/* Begin XCBuildConfiguration section */
		F4E89D111D850593004A360E /* Debug */ = {
			isa = XCBuildConfiguration;
			buildSettings = {
				ALWAYS_SEARCH_USER_PATHS = NO;
				CLANG_ANALYZER_NONNULL = YES;
				CLANG_CXX_LANGUAGE_STANDARD = "gnu++0x";
				CLANG_CXX_LIBRARY = "libc++";
				CLANG_ENABLE_MODULES = YES;
				CLANG_ENABLE_OBJC_ARC = YES;
				CLANG_WARN_BOOL_CONVERSION = YES;
				CLANG_WARN_CONSTANT_CONVERSION = YES;
				CLANG_WARN_DIRECT_OBJC_ISA_USAGE = YES_ERROR;
				CLANG_WARN_EMPTY_BODY = YES;
				CLANG_WARN_ENUM_CONVERSION = YES;
				CLANG_WARN_INT_CONVERSION = YES;
				CLANG_WARN_OBJC_ROOT_CLASS = YES_ERROR;
				CLANG_WARN_UNREACHABLE_CODE = YES;
				CLANG_WARN__DUPLICATE_METHOD_MATCH = YES;
				CODE_SIGN_IDENTITY = "-";
				COPY_PHASE_STRIP = NO;
				DEBUG_INFORMATION_FORMAT = dwarf;
				ENABLE_STRICT_OBJC_MSGSEND = YES;
				ENABLE_TESTABILITY = YES;
				GCC_C_LANGUAGE_STANDARD = gnu99;
				GCC_DYNAMIC_NO_PIC = NO;
				GCC_NO_COMMON_BLOCKS = YES;
				GCC_OPTIMIZATION_LEVEL = 0;
				GCC_PREPROCESSOR_DEFINITIONS = (
					"DEBUG=1",
					"$(inherited)",
				);
				GCC_WARN_64_TO_32_BIT_CONVERSION = YES;
				GCC_WARN_ABOUT_RETURN_TYPE = YES_ERROR;
				GCC_WARN_UNDECLARED_SELECTOR = YES;
				GCC_WARN_UNINITIALIZED_AUTOS = YES_AGGRESSIVE;
				GCC_WARN_UNUSED_FUNCTION = YES;
				GCC_WARN_UNUSED_VARIABLE = YES;
				MACOSX_DEPLOYMENT_TARGET = 10.11;
				MTL_ENABLE_DEBUG_INFO = YES;
				ONLY_ACTIVE_ARCH = YES;
				SDKROOT = macosx;
				SWIFT_OPTIMIZATION_LEVEL = "-Onone";
			};
			name = Debug;
		};
		F4E89D121D850593004A360E /* Release */ = {
			isa = XCBuildConfiguration;
			buildSettings = {
				ALWAYS_SEARCH_USER_PATHS = NO;
				CLANG_ANALYZER_NONNULL = YES;
				CLANG_CXX_LANGUAGE_STANDARD = "gnu++0x";
				CLANG_CXX_LIBRARY = "libc++";
				CLANG_ENABLE_MODULES = YES;
				CLANG_ENABLE_OBJC_ARC = YES;
				CLANG_WARN_BOOL_CONVERSION = YES;
				CLANG_WARN_CONSTANT_CONVERSION = YES;
				CLANG_WARN_DIRECT_OBJC_ISA_USAGE = YES_ERROR;
				CLANG_WARN_EMPTY_BODY = YES;
				CLANG_WARN_ENUM_CONVERSION = YES;
				CLANG_WARN_INT_CONVERSION = YES;
				CLANG_WARN_OBJC_ROOT_CLASS = YES_ERROR;
				CLANG_WARN_UNREACHABLE_CODE = YES;
				CLANG_WARN__DUPLICATE_METHOD_MATCH = YES;
				CODE_SIGN_IDENTITY = "-";
				COPY_PHASE_STRIP = NO;
				DEBUG_INFORMATION_FORMAT = "dwarf-with-dsym";
				ENABLE_NS_ASSERTIONS = NO;
				ENABLE_STRICT_OBJC_MSGSEND = YES;
				GCC_C_LANGUAGE_STANDARD = gnu99;
				GCC_NO_COMMON_BLOCKS = YES;
				GCC_WARN_64_TO_32_BIT_CONVERSION = YES;
				GCC_WARN_ABOUT_RETURN_TYPE = YES_ERROR;
				GCC_WARN_UNDECLARED_SELECTOR = YES;
				GCC_WARN_UNINITIALIZED_AUTOS = YES_AGGRESSIVE;
				GCC_WARN_UNUSED_FUNCTION = YES;
				GCC_WARN_UNUSED_VARIABLE = YES;
				MACOSX_DEPLOYMENT_TARGET = 10.11;
				MTL_ENABLE_DEBUG_INFO = NO;
				SDKROOT = macosx;
			};
			name = Release;
		};
		F4E89D141D850593004A360E /* Debug */ = {
			isa = XCBuildConfiguration;
			buildSettings = {
				PRODUCT_NAME = "$(TARGET_NAME)";
			};
			name = Debug;
		};
		F4E89D151D850593004A360E /* Release */ = {
			isa = XCBuildConfiguration;
			buildSettings = {
				PRODUCT_NAME = "$(TARGET_NAME)";
			};
			name = Release;
		};
/* End XCBuildConfiguration section */

/* Begin XCConfigurationList section */
		F4E89D071D850593004A360E /* Build configuration list for PBXProject "ListDataStruct" */ = {
			isa = XCConfigurationList;
			buildConfigurations = (
				F4E89D111D850593004A360E /* Debug */,
				F4E89D121D850593004A360E /* Release */,
			);
			defaultConfigurationIsVisible = 0;
			defaultConfigurationName = Release;
		};
		F4E89D131D850593004A360E /* Build configuration list for PBXNativeTarget "ListDataStruct" */ = {
			isa = XCConfigurationList;
			buildConfigurations = (
				F4E89D141D850593004A360E /* Debug */,
				F4E89D151D850593004A360E /* Release */,
			);
			defaultConfigurationIsVisible = 0;
		};
/* End XCConfigurationList section */
	};
	rootObject = F4E89D041D850593004A360E /* Project object */;
}
