// !$*UTF8*$!
{
	archiveVersion = 1;
	classes = {
	};
	objectVersion = 46;
	objects = {

/* Begin PBXBuildFile section */
		F4698FB61DD94BCC00D4C8B8 /* AppDelegate.swift in Sources */ = {isa = PBXBuildFile; fileRef = F4698FB51DD94BCC00D4C8B8 /* AppDelegate.swift */; };
		F4698FB81DD94BCC00D4C8B8 /* ViewController.swift in Sources */ = {isa = PBXBuildFile; fileRef = F4698FB71DD94BCC00D4C8B8 /* ViewController.swift */; };
		F4698FBB1DD94BCC00D4C8B8 /* Main.storyboard in Resources */ = {isa = PBXBuildFile; fileRef = F4698FB91DD94BCC00D4C8B8 /* Main.storyboard */; };
		F4698FBD1DD94BCC00D4C8B8 /* Assets.xcassets in Resources */ = {isa = PBXBuildFile; fileRef = F4698FBC1DD94BCC00D4C8B8 /* Assets.xcassets */; };
		F4698FC01DD94BCC00D4C8B8 /* LaunchScreen.storyboard in Resources */ = {isa = PBXBuildFile; fileRef = F4698FBE1DD94BCC00D4C8B8 /* LaunchScreen.storyboard */; };
		F4698FC81DD9527500D4C8B8 /* SortView.swift in Sources */ = {isa = PBXBuildFile; fileRef = F4698FC71DD9527500D4C8B8 /* SortView.swift */; };
		F4698FCC1DD9562E00D4C8B8 /* Sort.swift in Sources */ = {isa = PBXBuildFile; fileRef = F4698FCA1DD9562E00D4C8B8 /* Sort.swift */; };
		F4698FCD1DD9562E00D4C8B8 /* SortClass.swift in Sources */ = {isa = PBXBuildFile; fileRef = F4698FCB1DD9562E00D4C8B8 /* SortClass.swift */; };
/* End PBXBuildFile section */

/* Begin PBXFileReference section */
		F4698FB21DD94BCC00D4C8B8 /* AllKindsOfSortForiOS.app */ = {isa = PBXFileReference; explicitFileType = wrapper.application; includeInIndex = 0; path = AllKindsOfSortForiOS.app; sourceTree = BUILT_PRODUCTS_DIR; };
		F4698FB51DD94BCC00D4C8B8 /* AppDelegate.swift */ = {isa = PBXFileReference; lastKnownFileType = sourcecode.swift; path = AppDelegate.swift; sourceTree = "<group>"; };
		F4698FB71DD94BCC00D4C8B8 /* ViewController.swift */ = {isa = PBXFileReference; lastKnownFileType = sourcecode.swift; path = ViewController.swift; sourceTree = "<group>"; };
		F4698FBA1DD94BCC00D4C8B8 /* Base */ = {isa = PBXFileReference; lastKnownFileType = file.storyboard; name = Base; path = Base.lproj/Main.storyboard; sourceTree = "<group>"; };
		F4698FBC1DD94BCC00D4C8B8 /* Assets.xcassets */ = {isa = PBXFileReference; lastKnownFileType = folder.assetcatalog; path = Assets.xcassets; sourceTree = "<group>"; };
		F4698FBF1DD94BCC00D4C8B8 /* Base */ = {isa = PBXFileReference; lastKnownFileType = file.storyboard; name = Base; path = Base.lproj/LaunchScreen.storyboard; sourceTree = "<group>"; };
		F4698FC11DD94BCC00D4C8B8 /* Info.plist */ = {isa = PBXFileReference; lastKnownFileType = text.plist.xml; path = Info.plist; sourceTree = "<group>"; };
		F4698FC71DD9527500D4C8B8 /* SortView.swift */ = {isa = PBXFileReference; fileEncoding = 4; lastKnownFileType = sourcecode.swift; path = SortView.swift; sourceTree = "<group>"; };
		F4698FCA1DD9562E00D4C8B8 /* Sort.swift */ = {isa = PBXFileReference; fileEncoding = 4; lastKnownFileType = sourcecode.swift; path = Sort.swift; sourceTree = "<group>"; };
		F4698FCB1DD9562E00D4C8B8 /* SortClass.swift */ = {isa = PBXFileReference; fileEncoding = 4; lastKnownFileType = sourcecode.swift; path = SortClass.swift; sourceTree = "<group>"; };
/* End PBXFileReference section */

/* Begin PBXFrameworksBuildPhase section */
		F4698FAF1DD94BCC00D4C8B8 /* Frameworks */ = {
			isa = PBXFrameworksBuildPhase;
			buildActionMask = 2147483647;
			files = (
			);
			runOnlyForDeploymentPostprocessing = 0;
		};
/* End PBXFrameworksBuildPhase section */

/* Begin PBXGroup section */
		F4698FA91DD94BCC00D4C8B8 = {
			isa = PBXGroup;
			children = (
				F4698FB41DD94BCC00D4C8B8 /* AllKindsOfSortForiOS */,
				F4698FB31DD94BCC00D4C8B8 /* Products */,
			);
			sourceTree = "<group>";
		};
		F4698FB31DD94BCC00D4C8B8 /* Products */ = {
			isa = PBXGroup;
			children = (
				F4698FB21DD94BCC00D4C8B8 /* AllKindsOfSortForiOS.app */,
			);
			name = Products;
			sourceTree = "<group>";
		};
		F4698FB41DD94BCC00D4C8B8 /* AllKindsOfSortForiOS */ = {
			isa = PBXGroup;
			children = (
				F4698FC91DD9562E00D4C8B8 /* Sort */,
				F4698FB51DD94BCC00D4C8B8 /* AppDelegate.swift */,
				F4698FC71DD9527500D4C8B8 /* SortView.swift */,
				F4698FB71DD94BCC00D4C8B8 /* ViewController.swift */,
				F4698FB91DD94BCC00D4C8B8 /* Main.storyboard */,
				F4698FBC1DD94BCC00D4C8B8 /* Assets.xcassets */,
				F4698FBE1DD94BCC00D4C8B8 /* LaunchScreen.storyboard */,
				F4698FC11DD94BCC00D4C8B8 /* Info.plist */,
			);
			path = AllKindsOfSortForiOS;
			sourceTree = "<group>";
		};
		F4698FC91DD9562E00D4C8B8 /* Sort */ = {
			isa = PBXGroup;
			children = (
				F4698FCA1DD9562E00D4C8B8 /* Sort.swift */,
				F4698FCB1DD9562E00D4C8B8 /* SortClass.swift */,
			);
			path = Sort;
			sourceTree = "<group>";
		};
/* End PBXGroup section */

/* Begin PBXNativeTarget section */
		F4698FB11DD94BCC00D4C8B8 /* AllKindsOfSortForiOS */ = {
			isa = PBXNativeTarget;
			buildConfigurationList = F4698FC41DD94BCC00D4C8B8 /* Build configuration list for PBXNativeTarget "AllKindsOfSortForiOS" */;
			buildPhases = (
				F4698FAE1DD94BCC00D4C8B8 /* Sources */,
				F4698FAF1DD94BCC00D4C8B8 /* Frameworks */,
				F4698FB01DD94BCC00D4C8B8 /* Resources */,
			);
			buildRules = (
			);
			dependencies = (
			);
			name = AllKindsOfSortForiOS;
			productName = AllKindsOfSortForiOS;
			productReference = F4698FB21DD94BCC00D4C8B8 /* AllKindsOfSortForiOS.app */;
			productType = "com.apple.product-type.application";
		};
/* End PBXNativeTarget section */

/* Begin PBXProject section */
		F4698FAA1DD94BCC00D4C8B8 /* Project object */ = {
			isa = PBXProject;
			attributes = {
				LastSwiftUpdateCheck = 0800;
				LastUpgradeCheck = 0800;
				ORGANIZATIONNAME = ZeluLi;
				TargetAttributes = {
					F4698FB11DD94BCC00D4C8B8 = {
						CreatedOnToolsVersion = 8.0;
						DevelopmentTeam = N5WRHCE748;
						ProvisioningStyle = Automatic;
					};
				};
			};
			buildConfigurationList = F4698FAD1DD94BCC00D4C8B8 /* Build configuration list for PBXProject "AllKindsOfSortForiOS" */;
			compatibilityVersion = "Xcode 3.2";
			developmentRegion = English;
			hasScannedForEncodings = 0;
			knownRegions = (
				en,
				Base,
			);
			mainGroup = F4698FA91DD94BCC00D4C8B8;
			productRefGroup = F4698FB31DD94BCC00D4C8B8 /* Products */;
			projectDirPath = "";
			projectRoot = "";
			targets = (
				F4698FB11DD94BCC00D4C8B8 /* AllKindsOfSortForiOS */,
			);
		};
/* End PBXProject section */

/* Begin PBXResourcesBuildPhase section */
		F4698FB01DD94BCC00D4C8B8 /* Resources */ = {
			isa = PBXResourcesBuildPhase;
			buildActionMask = 2147483647;
			files = (
				F4698FC01DD94BCC00D4C8B8 /* LaunchScreen.storyboard in Resources */,
				F4698FBD1DD94BCC00D4C8B8 /* Assets.xcassets in Resources */,
				F4698FBB1DD94BCC00D4C8B8 /* Main.storyboard in Resources */,
			);
			runOnlyForDeploymentPostprocessing = 0;
		};
/* End PBXResourcesBuildPhase section */

/* Begin PBXSourcesBuildPhase section */
		F4698FAE1DD94BCC00D4C8B8 /* Sources */ = {
			isa = PBXSourcesBuildPhase;
			buildActionMask = 2147483647;
			files = (
				F4698FC81DD9527500D4C8B8 /* SortView.swift in Sources */,
				F4698FCC1DD9562E00D4C8B8 /* Sort.swift in Sources */,
				F4698FCD1DD9562E00D4C8B8 /* SortClass.swift in Sources */,
				F4698FB81DD94BCC00D4C8B8 /* ViewController.swift in Sources */,
				F4698FB61DD94BCC00D4C8B8 /* AppDelegate.swift in Sources */,
			);
			runOnlyForDeploymentPostprocessing = 0;
		};
/* End PBXSourcesBuildPhase section */

/* Begin PBXVariantGroup section */
		F4698FB91DD94BCC00D4C8B8 /* Main.storyboard */ = {
			isa = PBXVariantGroup;
			children = (
				F4698FBA1DD94BCC00D4C8B8 /* Base */,
			);
			name = Main.storyboard;
			sourceTree = "<group>";
		};
		F4698FBE1DD94BCC00D4C8B8 /* LaunchScreen.storyboard */ = {
			isa = PBXVariantGroup;
			children = (
				F4698FBF1DD94BCC00D4C8B8 /* Base */,
			);
			name = LaunchScreen.storyboard;
			sourceTree = "<group>";
		};
/* End PBXVariantGroup section */

/* Begin XCBuildConfiguration section */
		F4698FC21DD94BCC00D4C8B8 /* Debug */ = {
			isa = XCBuildConfiguration;
			buildSettings = {
				ALWAYS_SEARCH_USER_PATHS = NO;
				CLANG_ANALYZER_NONNULL = YES;
				CLANG_CXX_LANGUAGE_STANDARD = "gnu++0x";
				CLANG_CXX_LIBRARY = "libc++";
				CLANG_ENABLE_MODULES = YES;
				CLANG_ENABLE_OBJC_ARC = YES;
				CLANG_WARN_BOOL_CONVERSION = YES;
				CLANG_WARN_CONSTANT_CONVERSION = YES;
				CLANG_WARN_DIRECT_OBJC_ISA_USAGE = YES_ERROR;
				CLANG_WARN_DOCUMENTATION_COMMENTS = YES;
				CLANG_WARN_EMPTY_BODY = YES;
				CLANG_WARN_ENUM_CONVERSION = YES;
				CLANG_WARN_INFINITE_RECURSION = YES;
				CLANG_WARN_INT_CONVERSION = YES;
				CLANG_WARN_OBJC_ROOT_CLASS = YES_ERROR;
				CLANG_WARN_SUSPICIOUS_MOVES = YES;
				CLANG_WARN_UNREACHABLE_CODE = YES;
				CLANG_WARN__DUPLICATE_METHOD_MATCH = YES;
				"CODE_SIGN_IDENTITY[sdk=iphoneos*]" = "iPhone Developer";
				COPY_PHASE_STRIP = NO;
				DEBUG_INFORMATION_FORMAT = dwarf;
				ENABLE_STRICT_OBJC_MSGSEND = YES;
				ENABLE_TESTABILITY = YES;
				GCC_C_LANGUAGE_STANDARD = gnu99;
				GCC_DYNAMIC_NO_PIC = NO;
				GCC_NO_COMMON_BLOCKS = YES;
				GCC_OPTIMIZATION_LEVEL = 0;
				GCC_PREPROCESSOR_DEFINITIONS = (
					"DEBUG=1",
					"$(inherited)",
				);
				GCC_WARN_64_TO_32_BIT_CONVERSION = YES;
				GCC_WARN_ABOUT_RETURN_TYPE = YES_ERROR;
				GCC_WARN_UNDECLARED_SELECTOR = YES;
				GCC_WARN_UNINITIALIZED_AUTOS = YES_AGGRESSIVE;
				GCC_WARN_UNUSED_FUNCTION = YES;
				GCC_WARN_UNUSED_VARIABLE = YES;
				IPHONEOS_DEPLOYMENT_TARGET = 10.0;
				MTL_ENABLE_DEBUG_INFO = YES;
				ONLY_ACTIVE_ARCH = YES;
				SDKROOT = iphoneos;
				SWIFT_ACTIVE_COMPILATION_CONDITIONS = DEBUG;
				SWIFT_OPTIMIZATION_LEVEL = "-Onone";
			};
			name = Debug;
		};
		F4698FC31DD94BCC00D4C8B8 /* Release */ = {
			isa = XCBuildConfiguration;
			buildSettings = {
				ALWAYS_SEARCH_USER_PATHS = NO;
				CLANG_ANALYZER_NONNULL = YES;
				CLANG_CXX_LANGUAGE_STANDARD = "gnu++0x";
				CLANG_CXX_LIBRARY = "libc++";
				CLANG_ENABLE_MODULES = YES;
				CLANG_ENABLE_OBJC_ARC = YES;
				CLANG_WARN_BOOL_CONVERSION = YES;
				CLANG_WARN_CONSTANT_CONVERSION = YES;
				CLANG_WARN_DIRECT_OBJC_ISA_USAGE = YES_ERROR;
				CLANG_WARN_DOCUMENTATION_COMMENTS = YES;
				CLANG_WARN_EMPTY_BODY = YES;
				CLANG_WARN_ENUM_CONVERSION = YES;
				CLANG_WARN_INFINITE_RECURSION = YES;
				CLANG_WARN_INT_CONVERSION = YES;
				CLANG_WARN_OBJC_ROOT_CLASS = YES_ERROR;
				CLANG_WARN_SUSPICIOUS_MOVES = YES;
				CLANG_WARN_UNREACHABLE_CODE = YES;
				CLANG_WARN__DUPLICATE_METHOD_MATCH = YES;
				"CODE_SIGN_IDENTITY[sdk=iphoneos*]" = "iPhone Developer";
				COPY_PHASE_STRIP = NO;
				DEBUG_INFORMATION_FORMAT = "dwarf-with-dsym";
				ENABLE_NS_ASSERTIONS = NO;
				ENABLE_STRICT_OBJC_MSGSEND = YES;
				GCC_C_LANGUAGE_STANDARD = gnu99;
				GCC_NO_COMMON_BLOCKS = YES;
				GCC_WARN_64_TO_32_BIT_CONVERSION = YES;
				GCC_WARN_ABOUT_RETURN_TYPE = YES_ERROR;
				GCC_WARN_UNDECLARED_SELECTOR = YES;
				GCC_WARN_UNINITIALIZED_AUTOS = YES_AGGRESSIVE;
				GCC_WARN_UNUSED_FUNCTION = YES;
				GCC_WARN_UNUSED_VARIABLE = YES;
				IPHONEOS_DEPLOYMENT_TARGET = 10.0;
				MTL_ENABLE_DEBUG_INFO = NO;
				SDKROOT = iphoneos;
				SWIFT_OPTIMIZATION_LEVEL = "-Owholemodule";
				VALIDATE_PRODUCT = YES;
			};
			name = Release;
		};
		F4698FC51DD94BCC00D4C8B8 /* Debug */ = {
			isa = XCBuildConfiguration;
			buildSettings = {
				ASSETCATALOG_COMPILER_APPICON_NAME = AppIcon;
				DEVELOPMENT_TEAM = N5WRHCE748;
				INFOPLIST_FILE = AllKindsOfSortForiOS/Info.plist;
				IPHONEOS_DEPLOYMENT_TARGET = 8.4;
				LD_RUNPATH_SEARCH_PATHS = "$(inherited) @executable_path/Frameworks";
				PRODUCT_BUNDLE_IDENTIFIER = ZeluLi.AllKindsOfSortForiOS;
				PRODUCT_NAME = "$(TARGET_NAME)";
				SWIFT_VERSION = 3.0;
			};
			name = Debug;
		};
		F4698FC61DD94BCC00D4C8B8 /* Release */ = {
			isa = XCBuildConfiguration;
			buildSettings = {
				ASSETCATALOG_COMPILER_APPICON_NAME = AppIcon;
				DEVELOPMENT_TEAM = N5WRHCE748;
				INFOPLIST_FILE = AllKindsOfSortForiOS/Info.plist;
				IPHONEOS_DEPLOYMENT_TARGET = 8.4;
				LD_RUNPATH_SEARCH_PATHS = "$(inherited) @executable_path/Frameworks";
				PRODUCT_BUNDLE_IDENTIFIER = ZeluLi.AllKindsOfSortForiOS;
				PRODUCT_NAME = "$(TARGET_NAME)";
				SWIFT_VERSION = 3.0;
			};
			name = Release;
		};
/* End XCBuildConfiguration section */

/* Begin XCConfigurationList section */
		F4698FAD1DD94BCC00D4C8B8 /* Build configuration list for PBXProject "AllKindsOfSortForiOS" */ = {
			isa = XCConfigurationList;
			buildConfigurations = (
				F4698FC21DD94BCC00D4C8B8 /* Debug */,
				F4698FC31DD94BCC00D4C8B8 /* Release */,
			);
			defaultConfigurationIsVisible = 0;
			defaultConfigurationName = Release;
		};
		F4698FC41DD94BCC00D4C8B8 /* Build configuration list for PBXNativeTarget "AllKindsOfSortForiOS" */ = {
			isa = XCConfigurationList;
			buildConfigurations = (
				F4698FC51DD94BCC00D4C8B8 /* Debug */,
				F4698FC61DD94BCC00D4C8B8 /* Release */,
			);
			defaultConfigurationIsVisible = 0;
			defaultConfigurationName = Release;
		};
/* End XCConfigurationList section */
	};
	rootObject = F4698FAA1DD94BCC00D4C8B8 /* Project object */;
}
