// !$*UTF8*$!
{
	archiveVersion = 1;
	classes = {
	};
	objectVersion = 46;
	objects = {

/* Begin PBXBuildFile section */
		F43A19461DBDAA4400BA6390 /* SequentialSearch.swift in Sources */ = {isa = PBXBuildFile; fileRef = F43A19451DBDAA4400BA6390 /* SequentialSearch.swift */; };
		F43A19481DBDB86800BA6390 /* BinarySearch.swift in Sources */ = {isa = PBXBuildFile; fileRef = F43A19471DBDB86800BA6390 /* BinarySearch.swift */; };
		F45069C81DBCF2F500B4CB7C /* main.swift in Sources */ = {isa = PBXBuildFile; fileRef = F45069C71DBCF2F500B4CB7C /* main.swift */; };
		F4A58BE11DBDF24200CBDD98 /* InterpolationSearch.swift in Sources */ = {isa = PBXBuildFile; fileRef = F4A58BE01DBDF24200CBDD98 /* InterpolationSearch.swift */; };
		F4A58BE31DBE130F00CBDD98 /* FibonacciSearch.swift in Sources */ = {isa = PBXBuildFile; fileRef = F4A58BE21DBE130F00CBDD98 /* FibonacciSearch.swift */; };
		F4A58BE51DBE133800CBDD98 /* SearchType.swift in Sources */ = {isa = PBXBuildFile; fileRef = F4A58BE41DBE133800CBDD98 /* SearchType.swift */; };
/* End PBXBuildFile section */

/* Begin PBXCopyFilesBuildPhase section */
		F45069C21DBCF2F500B4CB7C /* CopyFiles */ = {
			isa = PBXCopyFilesBuildPhase;
			buildActionMask = 2147483647;
			dstPath = /usr/share/man/man1/;
			dstSubfolderSpec = 0;
			files = (
			);
			runOnlyForDeploymentPostprocessing = 1;
		};
/* End PBXCopyFilesBuildPhase section */

/* Begin PBXFileReference section */
		F43A19451DBDAA4400BA6390 /* SequentialSearch.swift */ = {isa = PBXFileReference; fileEncoding = 4; lastKnownFileType = sourcecode.swift; path = SequentialSearch.swift; sourceTree = "<group>"; };
		F43A19471DBDB86800BA6390 /* BinarySearch.swift */ = {isa = PBXFileReference; fileEncoding = 4; lastKnownFileType = sourcecode.swift; path = BinarySearch.swift; sourceTree = "<group>"; };
		F45069C41DBCF2F500B4CB7C /* SearchDemo */ = {isa = PBXFileReference; explicitFileType = "compiled.mach-o.executable"; includeInIndex = 0; path = SearchDemo; sourceTree = BUILT_PRODUCTS_DIR; };
		F45069C71DBCF2F500B4CB7C /* main.swift */ = {isa = PBXFileReference; lastKnownFileType = sourcecode.swift; path = main.swift; sourceTree = "<group>"; };
		F4A58BE01DBDF24200CBDD98 /* InterpolationSearch.swift */ = {isa = PBXFileReference; fileEncoding = 4; lastKnownFileType = sourcecode.swift; path = InterpolationSearch.swift; sourceTree = "<group>"; };
		F4A58BE21DBE130F00CBDD98 /* FibonacciSearch.swift */ = {isa = PBXFileReference; fileEncoding = 4; lastKnownFileType = sourcecode.swift; path = FibonacciSearch.swift; sourceTree = "<group>"; };
		F4A58BE41DBE133800CBDD98 /* SearchType.swift */ = {isa = PBXFileReference; fileEncoding = 4; lastKnownFileType = sourcecode.swift; path = SearchType.swift; sourceTree = "<group>"; };
/* End PBXFileReference section */

/* Begin PBXFrameworksBuildPhase section */
		F45069C11DBCF2F500B4CB7C /* Frameworks */ = {
			isa = PBXFrameworksBuildPhase;
			buildActionMask = 2147483647;
			files = (
			);
			runOnlyForDeploymentPostprocessing = 0;
		};
/* End PBXFrameworksBuildPhase section */

/* Begin PBXGroup section */
		F45069BB1DBCF2F500B4CB7C = {
			isa = PBXGroup;
			children = (
				F45069C61DBCF2F500B4CB7C /* SearchDemo */,
				F45069C51DBCF2F500B4CB7C /* Products */,
			);
			sourceTree = "<group>";
		};
		F45069C51DBCF2F500B4CB7C /* Products */ = {
			isa = PBXGroup;
			children = (
				F45069C41DBCF2F500B4CB7C /* SearchDemo */,
			);
			name = Products;
			sourceTree = "<group>";
		};
		F45069C61DBCF2F500B4CB7C /* SearchDemo */ = {
			isa = PBXGroup;
			children = (
				F45069C71DBCF2F500B4CB7C /* main.swift */,
				F4A58BE41DBE133800CBDD98 /* SearchType.swift */,
				F43A19451DBDAA4400BA6390 /* SequentialSearch.swift */,
				F43A19471DBDB86800BA6390 /* BinarySearch.swift */,
				F4A58BE01DBDF24200CBDD98 /* InterpolationSearch.swift */,
				F4A58BE21DBE130F00CBDD98 /* FibonacciSearch.swift */,
			);
			path = SearchDemo;
			sourceTree = "<group>";
		};
/* End PBXGroup section */

/* Begin PBXNativeTarget section */
		F45069C31DBCF2F500B4CB7C /* SearchDemo */ = {
			isa = PBXNativeTarget;
			buildConfigurationList = F45069CB1DBCF2F500B4CB7C /* Build configuration list for PBXNativeTarget "SearchDemo" */;
			buildPhases = (
				F45069C01DBCF2F500B4CB7C /* Sources */,
				F45069C11DBCF2F500B4CB7C /* Frameworks */,
				F45069C21DBCF2F500B4CB7C /* CopyFiles */,
			);
			buildRules = (
			);
			dependencies = (
			);
			name = SearchDemo;
			productName = SearchDemo;
			productReference = F45069C41DBCF2F500B4CB7C /* SearchDemo */;
			productType = "com.apple.product-type.tool";
		};
/* End PBXNativeTarget section */

/* Begin PBXProject section */
		F45069BC1DBCF2F500B4CB7C /* Project object */ = {
			isa = PBXProject;
			attributes = {
				LastSwiftUpdateCheck = 0800;
				LastUpgradeCheck = 0800;
				ORGANIZATIONNAME = zeluli;
				TargetAttributes = {
					F45069C31DBCF2F500B4CB7C = {
						CreatedOnToolsVersion = 8.0;
						ProvisioningStyle = Automatic;
					};
				};
			};
			buildConfigurationList = F45069BF1DBCF2F500B4CB7C /* Build configuration list for PBXProject "SearchDemo" */;
			compatibilityVersion = "Xcode 3.2";
			developmentRegion = English;
			hasScannedForEncodings = 0;
			knownRegions = (
				en,
			);
			mainGroup = F45069BB1DBCF2F500B4CB7C;
			productRefGroup = F45069C51DBCF2F500B4CB7C /* Products */;
			projectDirPath = "";
			projectRoot = "";
			targets = (
				F45069C31DBCF2F500B4CB7C /* SearchDemo */,
			);
		};
/* End PBXProject section */

/* Begin PBXSourcesBuildPhase section */
		F45069C01DBCF2F500B4CB7C /* Sources */ = {
			isa = PBXSourcesBuildPhase;
			buildActionMask = 2147483647;
			files = (
				F43A19461DBDAA4400BA6390 /* SequentialSearch.swift in Sources */,
				F45069C81DBCF2F500B4CB7C /* main.swift in Sources */,
				F4A58BE31DBE130F00CBDD98 /* FibonacciSearch.swift in Sources */,
				F4A58BE11DBDF24200CBDD98 /* InterpolationSearch.swift in Sources */,
				F43A19481DBDB86800BA6390 /* BinarySearch.swift in Sources */,
				F4A58BE51DBE133800CBDD98 /* SearchType.swift in Sources */,
			);
			runOnlyForDeploymentPostprocessing = 0;
		};
/* End PBXSourcesBuildPhase section */

/* Begin XCBuildConfiguration section */
		F45069C91DBCF2F500B4CB7C /* Debug */ = {
			isa = XCBuildConfiguration;
			buildSettings = {
				ALWAYS_SEARCH_USER_PATHS = NO;
				CLANG_ANALYZER_NONNULL = YES;
				CLANG_CXX_LANGUAGE_STANDARD = "gnu++0x";
				CLANG_CXX_LIBRARY = "libc++";
				CLANG_ENABLE_MODULES = YES;
				CLANG_ENABLE_OBJC_ARC = YES;
				CLANG_WARN_BOOL_CONVERSION = YES;
				CLANG_WARN_CONSTANT_CONVERSION = YES;
				CLANG_WARN_DIRECT_OBJC_ISA_USAGE = YES_ERROR;
				CLANG_WARN_DOCUMENTATION_COMMENTS = YES;
				CLANG_WARN_EMPTY_BODY = YES;
				CLANG_WARN_ENUM_CONVERSION = YES;
				CLANG_WARN_INFINITE_RECURSION = YES;
				CLANG_WARN_INT_CONVERSION = YES;
				CLANG_WARN_OBJC_ROOT_CLASS = YES_ERROR;
				CLANG_WARN_SUSPICIOUS_MOVES = YES;
				CLANG_WARN_UNREACHABLE_CODE = YES;
				CLANG_WARN__DUPLICATE_METHOD_MATCH = YES;
				CODE_SIGN_IDENTITY = "-";
				COPY_PHASE_STRIP = NO;
				DEBUG_INFORMATION_FORMAT = dwarf;
				ENABLE_STRICT_OBJC_MSGSEND = YES;
				ENABLE_TESTABILITY = YES;
				GCC_C_LANGUAGE_STANDARD = gnu99;
				GCC_DYNAMIC_NO_PIC = NO;
				GCC_NO_COMMON_BLOCKS = YES;
				GCC_OPTIMIZATION_LEVEL = 0;
				GCC_PREPROCESSOR_DEFINITIONS = (
					"DEBUG=1",
					"$(inherited)",
				);
				GCC_WARN_64_TO_32_BIT_CONVERSION = YES;
				GCC_WARN_ABOUT_RETURN_TYPE = YES_ERROR;
				GCC_WARN_UNDECLARED_SELECTOR = YES;
				GCC_WARN_UNINITIALIZED_AUTOS = YES_AGGRESSIVE;
				GCC_WARN_UNUSED_FUNCTION = YES;
				GCC_WARN_UNUSED_VARIABLE = YES;
				MACOSX_DEPLOYMENT_TARGET = 10.11;
				MTL_ENABLE_DEBUG_INFO = YES;
				ONLY_ACTIVE_ARCH = YES;
				SDKROOT = macosx;
				SWIFT_OPTIMIZATION_LEVEL = "-Onone";
			};
			name = Debug;
		};
		F45069CA1DBCF2F500B4CB7C /* Release */ = {
			isa = XCBuildConfiguration;
			buildSettings = {
				ALWAYS_SEARCH_USER_PATHS = NO;
				CLANG_ANALYZER_NONNULL = YES;
				CLANG_CXX_LANGUAGE_STANDARD = "gnu++0x";
				CLANG_CXX_LIBRARY = "libc++";
				CLANG_ENABLE_MODULES = YES;
				CLANG_ENABLE_OBJC_ARC = YES;
				CLANG_WARN_BOOL_CONVERSION = YES;
				CLANG_WARN_CONSTANT_CONVERSION = YES;
				CLANG_WARN_DIRECT_OBJC_ISA_USAGE = YES_ERROR;
				CLANG_WARN_DOCUMENTATION_COMMENTS = YES;
				CLANG_WARN_EMPTY_BODY = YES;
				CLANG_WARN_ENUM_CONVERSION = YES;
				CLANG_WARN_INFINITE_RECURSION = YES;
				CLANG_WARN_INT_CONVERSION = YES;
				CLANG_WARN_OBJC_ROOT_CLASS = YES_ERROR;
				CLANG_WARN_SUSPICIOUS_MOVES = YES;
				CLANG_WARN_UNREACHABLE_CODE = YES;
				CLANG_WARN__DUPLICATE_METHOD_MATCH = YES;
				CODE_SIGN_IDENTITY = "-";
				COPY_PHASE_STRIP = NO;
				DEBUG_INFORMATION_FORMAT = "dwarf-with-dsym";
				ENABLE_NS_ASSERTIONS = NO;
				ENABLE_STRICT_OBJC_MSGSEND = YES;
				GCC_C_LANGUAGE_STANDARD = gnu99;
				GCC_NO_COMMON_BLOCKS = YES;
				GCC_WARN_64_TO_32_BIT_CONVERSION = YES;
				GCC_WARN_ABOUT_RETURN_TYPE = YES_ERROR;
				GCC_WARN_UNDECLARED_SELECTOR = YES;
				GCC_WARN_UNINITIALIZED_AUTOS = YES_AGGRESSIVE;
				GCC_WARN_UNUSED_FUNCTION = YES;
				GCC_WARN_UNUSED_VARIABLE = YES;
				MACOSX_DEPLOYMENT_TARGET = 10.11;
				MTL_ENABLE_DEBUG_INFO = NO;
				SDKROOT = macosx;
			};
			name = Release;
		};
		F45069CC1DBCF2F500B4CB7C /* Debug */ = {
			isa = XCBuildConfiguration;
			buildSettings = {
				PRODUCT_NAME = "$(TARGET_NAME)";
				SWIFT_VERSION = 3.0;
			};
			name = Debug;
		};
		F45069CD1DBCF2F500B4CB7C /* Release */ = {
			isa = XCBuildConfiguration;
			buildSettings = {
				PRODUCT_NAME = "$(TARGET_NAME)";
				SWIFT_VERSION = 3.0;
			};
			name = Release;
		};
/* End XCBuildConfiguration section */

/* Begin XCConfigurationList section */
		F45069BF1DBCF2F500B4CB7C /* Build configuration list for PBXProject "SearchDemo" */ = {
			isa = XCConfigurationList;
			buildConfigurations = (
				F45069C91DBCF2F500B4CB7C /* Debug */,
				F45069CA1DBCF2F500B4CB7C /* Release */,
			);
			defaultConfigurationIsVisible = 0;
			defaultConfigurationName = Release;
		};
		F45069CB1DBCF2F500B4CB7C /* Build configuration list for PBXNativeTarget "SearchDemo" */ = {
			isa = XCConfigurationList;
			buildConfigurations = (
				F45069CC1DBCF2F500B4CB7C /* Debug */,
				F45069CD1DBCF2F500B4CB7C /* Release */,
			);
			defaultConfigurationIsVisible = 0;
			defaultConfigurationName = Release;
		};
/* End XCConfigurationList section */
	};
	rootObject = F45069BC1DBCF2F500B4CB7C /* Project object */;
}
