// !$*UTF8*$!
{
	archiveVersion = 1;
	classes = {
	};
	objectVersion = 46;
	objects = {

/* Begin PBXBuildFile section */
		F4585C0A1D8D8ACF008CB6B1 /* main.swift in Sources */ = {isa = PBXBuildFile; fileRef = F4585C091D8D8ACF008CB6B1 /* main.swift */; };
		F4585C161D8D8C0E008CB6B1 /* LinkStack.swift in Sources */ = {isa = PBXBuildFile; fileRef = F4585C111D8D8C0E008CB6B1 /* LinkStack.swift */; };
		F4585C171D8D8C0E008CB6B1 /* StackProtocal.swift in Sources */ = {isa = PBXBuildFile; fileRef = F4585C131D8D8C0E008CB6B1 /* StackProtocal.swift */; };
		F4585C181D8D8C0E008CB6B1 /* SequenceStack.swift in Sources */ = {isa = PBXBuildFile; fileRef = F4585C151D8D8C0E008CB6B1 /* SequenceStack.swift */; };
		F493DFB51D8E2A8B00EE687C /* QueueProtocal.swift in Sources */ = {isa = PBXBuildFile; fileRef = F493DFB41D8E2A8B00EE687C /* QueueProtocal.swift */; };
/* End PBXBuildFile section */

/* Begin PBXCopyFilesBuildPhase section */
		F4585C041D8D8ACF008CB6B1 /* CopyFiles */ = {
			isa = PBXCopyFilesBuildPhase;
			buildActionMask = 2147483647;
			dstPath = /usr/share/man/man1/;
			dstSubfolderSpec = 0;
			files = (
			);
			runOnlyForDeploymentPostprocessing = 1;
		};
/* End PBXCopyFilesBuildPhase section */

/* Begin PBXFileReference section */
		F4585C061D8D8ACF008CB6B1 /* StackAndQueue */ = {isa = PBXFileReference; explicitFileType = "compiled.mach-o.executable"; includeInIndex = 0; path = StackAndQueue; sourceTree = BUILT_PRODUCTS_DIR; };
		F4585C091D8D8ACF008CB6B1 /* main.swift */ = {isa = PBXFileReference; lastKnownFileType = sourcecode.swift; path = main.swift; sourceTree = "<group>"; };
		F4585C111D8D8C0E008CB6B1 /* LinkStack.swift */ = {isa = PBXFileReference; fileEncoding = 4; lastKnownFileType = sourcecode.swift; path = LinkStack.swift; sourceTree = "<group>"; };
		F4585C131D8D8C0E008CB6B1 /* StackProtocal.swift */ = {isa = PBXFileReference; fileEncoding = 4; lastKnownFileType = sourcecode.swift; path = StackProtocal.swift; sourceTree = "<group>"; };
		F4585C151D8D8C0E008CB6B1 /* SequenceStack.swift */ = {isa = PBXFileReference; fileEncoding = 4; lastKnownFileType = sourcecode.swift; path = SequenceStack.swift; sourceTree = "<group>"; };
		F493DFB41D8E2A8B00EE687C /* QueueProtocal.swift */ = {isa = PBXFileReference; fileEncoding = 4; lastKnownFileType = sourcecode.swift; path = QueueProtocal.swift; sourceTree = "<group>"; };
/* End PBXFileReference section */

/* Begin PBXFrameworksBuildPhase section */
		F4585C031D8D8ACF008CB6B1 /* Frameworks */ = {
			isa = PBXFrameworksBuildPhase;
			buildActionMask = 2147483647;
			files = (
			);
			runOnlyForDeploymentPostprocessing = 0;
		};
/* End PBXFrameworksBuildPhase section */

/* Begin PBXGroup section */
		F4585BFD1D8D8ACF008CB6B1 = {
			isa = PBXGroup;
			children = (
				F4585C081D8D8ACF008CB6B1 /* StackAndQueue */,
				F4585C071D8D8ACF008CB6B1 /* Products */,
			);
			sourceTree = "<group>";
		};
		F4585C071D8D8ACF008CB6B1 /* Products */ = {
			isa = PBXGroup;
			children = (
				F4585C061D8D8ACF008CB6B1 /* StackAndQueue */,
			);
			name = Products;
			sourceTree = "<group>";
		};
		F4585C081D8D8ACF008CB6B1 /* StackAndQueue */ = {
			isa = PBXGroup;
			children = (
				F4585C121D8D8C0E008CB6B1 /* Protoacl */,
				F4585C101D8D8C0E008CB6B1 /* Link */,
				F4585C141D8D8C0E008CB6B1 /* Sequence */,
				F4585C091D8D8ACF008CB6B1 /* main.swift */,
			);
			path = StackAndQueue;
			sourceTree = "<group>";
		};
		F4585C101D8D8C0E008CB6B1 /* Link */ = {
			isa = PBXGroup;
			children = (
				F4585C111D8D8C0E008CB6B1 /* LinkStack.swift */,
			);
			path = Link;
			sourceTree = "<group>";
		};
		F4585C121D8D8C0E008CB6B1 /* Protoacl */ = {
			isa = PBXGroup;
			children = (
				F4585C131D8D8C0E008CB6B1 /* StackProtocal.swift */,
				F493DFB41D8E2A8B00EE687C /* QueueProtocal.swift */,
			);
			path = Protoacl;
			sourceTree = "<group>";
		};
		F4585C141D8D8C0E008CB6B1 /* Sequence */ = {
			isa = PBXGroup;
			children = (
				F4585C151D8D8C0E008CB6B1 /* SequenceStack.swift */,
			);
			path = Sequence;
			sourceTree = "<group>";
		};
/* End PBXGroup section */

/* Begin PBXNativeTarget section */
		F4585C051D8D8ACF008CB6B1 /* StackAndQueue */ = {
			isa = PBXNativeTarget;
			buildConfigurationList = F4585C0D1D8D8ACF008CB6B1 /* Build configuration list for PBXNativeTarget "StackAndQueue" */;
			buildPhases = (
				F4585C021D8D8ACF008CB6B1 /* Sources */,
				F4585C031D8D8ACF008CB6B1 /* Frameworks */,
				F4585C041D8D8ACF008CB6B1 /* CopyFiles */,
			);
			buildRules = (
			);
			dependencies = (
			);
			name = StackAndQueue;
			productName = StackAndQueue;
			productReference = F4585C061D8D8ACF008CB6B1 /* StackAndQueue */;
			productType = "com.apple.product-type.tool";
		};
/* End PBXNativeTarget section */

/* Begin PBXProject section */
		F4585BFE1D8D8ACF008CB6B1 /* Project object */ = {
			isa = PBXProject;
			attributes = {
				LastSwiftUpdateCheck = 0730;
				LastUpgradeCheck = 0730;
				ORGANIZATIONNAME = zeluli;
				TargetAttributes = {
					F4585C051D8D8ACF008CB6B1 = {
						CreatedOnToolsVersion = 7.3.1;
					};
				};
			};
			buildConfigurationList = F4585C011D8D8ACF008CB6B1 /* Build configuration list for PBXProject "StackAndQueue" */;
			compatibilityVersion = "Xcode 3.2";
			developmentRegion = English;
			hasScannedForEncodings = 0;
			knownRegions = (
				en,
			);
			mainGroup = F4585BFD1D8D8ACF008CB6B1;
			productRefGroup = F4585C071D8D8ACF008CB6B1 /* Products */;
			projectDirPath = "";
			projectRoot = "";
			targets = (
				F4585C051D8D8ACF008CB6B1 /* StackAndQueue */,
			);
		};
/* End PBXProject section */

/* Begin PBXSourcesBuildPhase section */
		F4585C021D8D8ACF008CB6B1 /* Sources */ = {
			isa = PBXSourcesBuildPhase;
			buildActionMask = 2147483647;
			files = (
				F493DFB51D8E2A8B00EE687C /* QueueProtocal.swift in Sources */,
				F4585C161D8D8C0E008CB6B1 /* LinkStack.swift in Sources */,
				F4585C181D8D8C0E008CB6B1 /* SequenceStack.swift in Sources */,
				F4585C171D8D8C0E008CB6B1 /* StackProtocal.swift in Sources */,
				F4585C0A1D8D8ACF008CB6B1 /* main.swift in Sources */,
			);
			runOnlyForDeploymentPostprocessing = 0;
		};
/* End PBXSourcesBuildPhase section */

/* Begin XCBuildConfiguration section */
		F4585C0B1D8D8ACF008CB6B1 /* Debug */ = {
			isa = XCBuildConfiguration;
			buildSettings = {
				ALWAYS_SEARCH_USER_PATHS = NO;
				CLANG_ANALYZER_NONNULL = YES;
				CLANG_CXX_LANGUAGE_STANDARD = "gnu++0x";
				CLANG_CXX_LIBRARY = "libc++";
				CLANG_ENABLE_MODULES = YES;
				CLANG_ENABLE_OBJC_ARC = YES;
				CLANG_WARN_BOOL_CONVERSION = YES;
				CLANG_WARN_CONSTANT_CONVERSION = YES;
				CLANG_WARN_DIRECT_OBJC_ISA_USAGE = YES_ERROR;
				CLANG_WARN_EMPTY_BODY = YES;
				CLANG_WARN_ENUM_CONVERSION = YES;
				CLANG_WARN_INT_CONVERSION = YES;
				CLANG_WARN_OBJC_ROOT_CLASS = YES_ERROR;
				CLANG_WARN_UNREACHABLE_CODE = YES;
				CLANG_WARN__DUPLICATE_METHOD_MATCH = YES;
				CODE_SIGN_IDENTITY = "-";
				COPY_PHASE_STRIP = NO;
				DEBUG_INFORMATION_FORMAT = dwarf;
				ENABLE_STRICT_OBJC_MSGSEND = YES;
				ENABLE_TESTABILITY = YES;
				GCC_C_LANGUAGE_STANDARD = gnu99;
				GCC_DYNAMIC_NO_PIC = NO;
				GCC_NO_COMMON_BLOCKS = YES;
				GCC_OPTIMIZATION_LEVEL = 0;
				GCC_PREPROCESSOR_DEFINITIONS = (
					"DEBUG=1",
					"$(inherited)",
				);
				GCC_WARN_64_TO_32_BIT_CONVERSION = YES;
				GCC_WARN_ABOUT_RETURN_TYPE = YES_ERROR;
				GCC_WARN_UNDECLARED_SELECTOR = YES;
				GCC_WARN_UNINITIALIZED_AUTOS = YES_AGGRESSIVE;
				GCC_WARN_UNUSED_FUNCTION = YES;
				GCC_WARN_UNUSED_VARIABLE = YES;
				MACOSX_DEPLOYMENT_TARGET = 10.11;
				MTL_ENABLE_DEBUG_INFO = YES;
				ONLY_ACTIVE_ARCH = YES;
				SDKROOT = macosx;
				SWIFT_OPTIMIZATION_LEVEL = "-Onone";
			};
			name = Debug;
		};
		F4585C0C1D8D8ACF008CB6B1 /* Release */ = {
			isa = XCBuildConfiguration;
			buildSettings = {
				ALWAYS_SEARCH_USER_PATHS = NO;
				CLANG_ANALYZER_NONNULL = YES;
				CLANG_CXX_LANGUAGE_STANDARD = "gnu++0x";
				CLANG_CXX_LIBRARY = "libc++";
				CLANG_ENABLE_MODULES = YES;
				CLANG_ENABLE_OBJC_ARC = YES;
				CLANG_WARN_BOOL_CONVERSION = YES;
				CLANG_WARN_CONSTANT_CONVERSION = YES;
				CLANG_WARN_DIRECT_OBJC_ISA_USAGE = YES_ERROR;
				CLANG_WARN_EMPTY_BODY = YES;
				CLANG_WARN_ENUM_CONVERSION = YES;
				CLANG_WARN_INT_CONVERSION = YES;
				CLANG_WARN_OBJC_ROOT_CLASS = YES_ERROR;
				CLANG_WARN_UNREACHABLE_CODE = YES;
				CLANG_WARN__DUPLICATE_METHOD_MATCH = YES;
				CODE_SIGN_IDENTITY = "-";
				COPY_PHASE_STRIP = NO;
				DEBUG_INFORMATION_FORMAT = "dwarf-with-dsym";
				ENABLE_NS_ASSERTIONS = NO;
				ENABLE_STRICT_OBJC_MSGSEND = YES;
				GCC_C_LANGUAGE_STANDARD = gnu99;
				GCC_NO_COMMON_BLOCKS = YES;
				GCC_WARN_64_TO_32_BIT_CONVERSION = YES;
				GCC_WARN_ABOUT_RETURN_TYPE = YES_ERROR;
				GCC_WARN_UNDECLARED_SELECTOR = YES;
				GCC_WARN_UNINITIALIZED_AUTOS = YES_AGGRESSIVE;
				GCC_WARN_UNUSED_FUNCTION = YES;
				GCC_WARN_UNUSED_VARIABLE = YES;
				MACOSX_DEPLOYMENT_TARGET = 10.11;
				MTL_ENABLE_DEBUG_INFO = NO;
				SDKROOT = macosx;
			};
			name = Release;
		};
		F4585C0E1D8D8ACF008CB6B1 /* Debug */ = {
			isa = XCBuildConfiguration;
			buildSettings = {
				PRODUCT_NAME = "$(TARGET_NAME)";
			};
			name = Debug;
		};
		F4585C0F1D8D8ACF008CB6B1 /* Release */ = {
			isa = XCBuildConfiguration;
			buildSettings = {
				PRODUCT_NAME = "$(TARGET_NAME)";
			};
			name = Release;
		};
/* End XCBuildConfiguration section */

/* Begin XCConfigurationList section */
		F4585C011D8D8ACF008CB6B1 /* Build configuration list for PBXProject "StackAndQueue" */ = {
			isa = XCConfigurationList;
			buildConfigurations = (
				F4585C0B1D8D8ACF008CB6B1 /* Debug */,
				F4585C0C1D8D8ACF008CB6B1 /* Release */,
			);
			defaultConfigurationIsVisible = 0;
			defaultConfigurationName = Release;
		};
		F4585C0D1D8D8ACF008CB6B1 /* Build configuration list for PBXNativeTarget "StackAndQueue" */ = {
			isa = XCConfigurationList;
			buildConfigurations = (
				F4585C0E1D8D8ACF008CB6B1 /* Debug */,
				F4585C0F1D8D8ACF008CB6B1 /* Release */,
			);
			defaultConfigurationIsVisible = 0;
			defaultConfigurationName = Release;
		};
/* End XCConfigurationList section */
	};
	rootObject = F4585BFE1D8D8ACF008CB6B1 /* Project object */;
}
